
Microsoft Visual Studio Solution File, Format Version 12.00
# Visual Studio 15
VisualStudioVersion = 15.0.27428.2037
MinimumVisualStudioVersion = 10.0.40219.1
Project("{FAE04EC0-301F-11D3-BF4B-00C04F79EFBC}") = "ExamenWS", "ExamenWS\ExamenWS.csproj", "{5AAF4933-9238-4EEE-AD4B-3743A06F6C04}"
EndProject
Project("{FAE04EC0-301F-11D3-BF4B-00C04F79EFBC}") = "Capa_Negocios", "Capa_Negocios\Capa_Negocios.csproj", "{D28483A5-0F8C-498E-95B3-1DD49C9434B5}"
EndProject
Global
	GlobalSection(SolutionConfigurationPlatforms) = preSolution
		Debug|Any CPU = Debug|Any CPU
		Release|Any CPU = Release|Any CPU
	EndGlobalSection
	GlobalSection(ProjectConfigurationPlatforms) = postSolution
		{5AAF4933-9238-4EEE-AD4B-3743A06F6C04}.Debug|Any CPU.ActiveCfg = Debug|Any CPU
		{5AAF4933-9238-4EEE-AD4B-3743A06F6C04}.Debug|Any CPU.Build.0 = Debug|Any CPU
		{5AAF4933-9238-4EEE-AD4B-3743A06F6C04}.Release|Any CPU.ActiveCfg = Release|Any CPU
		{5AAF4933-9238-4EEE-AD4B-3743A06F6C04}.Release|Any CPU.Build.0 = Release|Any CPU
		{D28483A5-0F8C-498E-95B3-1DD49C9434B5}.Debug|Any CPU.ActiveCfg = Debug|Any CPU
		{D28483A5-0F8C-498E-95B3-1DD49C9434B5}.Debug|Any CPU.Build.0 = Debug|Any CPU
		{D28483A5-0F8C-498E-95B3-1DD49C9434B5}.Release|Any CPU.ActiveCfg = Release|Any CPU
		{D28483A5-0F8C-498E-95B3-1DD49C9434B5}.Release|Any CPU.Build.0 = Release|Any CPU
	EndGlobalSection
	GlobalSection(SolutionProperties) = preSolution
		HideSolutionNode = FALSE
	EndGlobalSection
	GlobalSection(ExtensibilityGlobals) = postSolution
		SolutionGuid = {10700AA8-B979-4016-9B92-7BAC66A810A2}
	EndGlobalSection
EndGlobal
